dependencies:
- name: node-feature-discovery
  repository: https://kubernetes-sigs.github.io/node-feature-discovery/charts
  version: 0.18.3
- name: tt-k8s-driver-manager
  repository: oci://ghcr.io/tenstorrent/helm-charts
  version: 0.1.0
- name: ttfm
  repository: oci://ghcr.io/tenstorrent/ttfm-helm
  version: 0.2.27-156.sha-957f2ad
- name: tt-dra-driver
  repository: oci://ghcr.io/tenstorrent/helm
  version: 0.0.23
- name: tt-telemetry
  repository: oci://ghcr.io/tenstorrent/tt-telemetry-helm
  version: 0.0.6-alpha
- name: jobset
  repository: oci://registry.k8s.io/jobset/charts
  version: 0.12.0
digest: sha256:646a97c4b80df06cbef93d02d26b4404992e605e41f8338d8e501750aa6b1116
generated: "2026-05-28T12:21:13.001158-05:00"
