dependencies:
- name: node-feature-discovery
  repository: https://kubernetes-sigs.github.io/node-feature-discovery/charts
  version: 0.18.3
- name: tt-k8s-driver-manager
  repository: oci://ghcr.io/tenstorrent/helm-charts
  version: 0.1.0
digest: sha256:fbd65371918c6d1bf4fa5d7bca38ada4bdd5474b8414daa5dba276367457fe83
generated: "2026-05-22T19:24:49.363254-05:00"
