dependencies:
- name: node-feature-discovery
  repository: https://kubernetes-sigs.github.io/node-feature-discovery/charts
  version: 0.18.3
- name: tt-k8s-driver-manager
  repository: oci://ghcr.io/tenstorrent/helm-charts
  version: 0.1.0
- name: ttfm
  repository: oci://ghcr.io/tenstorrent/ttfm-helm
  version: 0.2.27-152.sha-120f839
digest: sha256:787c7f726c5d77c9cbec27a8db68b720e7386c1762cc4aa885e0c2a51ad6e7b2
generated: "2026-05-26T16:00:19.573857-05:00"
